
Microsoft Visual Studio Solution File, Format Version 12.00
# Visual Studio Version 17
VisualStudioVersion = 17.7.34024.191
MinimumVisualStudioVersion = 10.0.40219.1
Project("{9A19103F-16F7-4668-BE54-9A1E7A4F7556}") = "eSalonLjepote.API", "eSalonLjepote.API\eSalonLjepote.API.csproj", "{8A0FE37C-ED9D-491B-9662-451F0D1645B1}"
EndProject
Project("{FAE04EC0-301F-11D3-BF4B-00C04F79EFBC}") = "eSalonLjepote.Model", "eSalonLjepote.Model\eSalonLjepote.Model.csproj", "{28713D97-C706-4904-893F-76735384C1E7}"
EndProject
Project("{FAE04EC0-301F-11D3-BF4B-00C04F79EFBC}") = "eSalonLjepote.Services", "eSalonLjepote.Services\eSalonLjepote.Services.csproj", "{AAEB58B3-FEDD-49B8-9AD3-9712B5AFBBF2}"
EndProject
Global
	GlobalSection(SolutionConfigurationPlatforms) = preSolution
		Debug|Any CPU = Debug|Any CPU
		Release|Any CPU = Release|Any CPU
	EndGlobalSection
	GlobalSection(ProjectConfigurationPlatforms) = postSolution
		{8A0FE37C-ED9D-491B-9662-451F0D1645B1}.Debug|Any CPU.ActiveCfg = Debug|Any CPU
		{8A0FE37C-ED9D-491B-9662-451F0D1645B1}.Debug|Any CPU.Build.0 = Debug|Any CPU
		{8A0FE37C-ED9D-491B-9662-451F0D1645B1}.Release|Any CPU.ActiveCfg = Release|Any CPU
		{8A0FE37C-ED9D-491B-9662-451F0D1645B1}.Release|Any CPU.Build.0 = Release|Any CPU
		{28713D97-C706-4904-893F-76735384C1E7}.Debug|Any CPU.ActiveCfg = Debug|Any CPU
		{28713D97-C706-4904-893F-76735384C1E7}.Debug|Any CPU.Build.0 = Debug|Any CPU
		{28713D97-C706-4904-893F-76735384C1E7}.Release|Any CPU.ActiveCfg = Release|Any CPU
		{28713D97-C706-4904-893F-76735384C1E7}.Release|Any CPU.Build.0 = Release|Any CPU
		{AAEB58B3-FEDD-49B8-9AD3-9712B5AFBBF2}.Debug|Any CPU.ActiveCfg = Debug|Any CPU
		{AAEB58B3-FEDD-49B8-9AD3-9712B5AFBBF2}.Debug|Any CPU.Build.0 = Debug|Any CPU
		{AAEB58B3-FEDD-49B8-9AD3-9712B5AFBBF2}.Release|Any CPU.ActiveCfg = Release|Any CPU
		{AAEB58B3-FEDD-49B8-9AD3-9712B5AFBBF2}.Release|Any CPU.Build.0 = Release|Any CPU
	EndGlobalSection
	GlobalSection(SolutionProperties) = preSolution
		HideSolutionNode = FALSE
	EndGlobalSection
	GlobalSection(ExtensibilityGlobals) = postSolution
		SolutionGuid = {14D95638-230C-4A81-95C2-A8E969DD0266}
	EndGlobalSection
EndGlobal
